// !$*UTF8*$!
{
	archiveVersion = 1;
	classes = {
	};
	objectVersion = 46;
	objects = {

/* Begin PBXBuildFile section */
		065A3FEF1D43F26E003EE17A /* main.m in Sources */ = {isa = PBXBuildFile; fileRef = 065A3FEE1D43F26E003EE17A /* main.m */; };
		065A3FF21D43F26E003EE17A /* AppDelegate.m in Sources */ = {isa = PBXBuildFile; fileRef = 065A3FF11D43F26E003EE17A /* AppDelegate.m */; };
		065A3FF51D43F26E003EE17A /* ViewController.m in Sources */ = {isa = PBXBuildFile; fileRef = 065A3FF41D43F26E003EE17A /* ViewController.m */; };
		065A3FF81D43F26E003EE17A /* Main.storyboard in Resources */ = {isa = PBXBuildFile; fileRef = 065A3FF61D43F26E003EE17A /* Main.storyboard */; };
		065A3FFA1D43F26E003EE17A /* Assets.xcassets in Resources */ = {isa = PBXBuildFile; fileRef = 065A3FF91D43F26E003EE17A /* Assets.xcassets */; };
		065A3FFD1D43F26E003EE17A /* LaunchScreen.storyboard in Resources */ = {isa = PBXBuildFile; fileRef = 065A3FFB1D43F26E003EE17A /* LaunchScreen.storyboard */; };
/* End PBXBuildFile section */

/* Begin PBXFileReference section */
		065A3FEA1D43F26D003EE17A /* SampleProject.app */ = {isa = PBXFileReference; explicitFileType = wrapper.application; includeInIndex = 0; path = SampleProject.app; sourceTree = BUILT_PRODUCTS_DIR; };
		065A3FEE1D43F26E003EE17A /* main.m */ = {isa = PBXFileReference; lastKnownFileType = sourcecode.c.objc; path = main.m; sourceTree = "<group>"; };
		065A3FF01D43F26E003EE17A /* AppDelegate.h */ = {isa = PBXFileReference; lastKnownFileType = sourcecode.c.h; path = AppDelegate.h; sourceTree = "<group>"; };
		065A3FF11D43F26E003EE17A /* AppDelegate.m */ = {isa = PBXFileReference; lastKnownFileType = sourcecode.c.objc; path = AppDelegate.m; sourceTree = "<group>"; };
		065A3FF31D43F26E003EE17A /* ViewController.h */ = {isa = PBXFileReference; lastKnownFileType = sourcecode.c.h; path = ViewController.h; sourceTree = "<group>"; };
		065A3FF41D43F26E003EE17A /* ViewController.m */ = {isa = PBXFileReference; lastKnownFileType = sourcecode.c.objc; path = ViewController.m; sourceTree = "<group>"; };
		065A3FF71D43F26E003EE17A /* Base */ = {isa = PBXFileReference; lastKnownFileType = file.storyboard; name = Base; path = Base.lproj/Main.storyboard; sourceTree = "<group>"; };
		065A3FF91D43F26E003EE17A /* Assets.xcassets */ = {isa = PBXFileReference; lastKnownFileType = folder.assetcatalog; path = Assets.xcassets; sourceTree = "<group>"; };
		065A3FFC1D43F26E003EE17A /* Base */ = {isa = PBXFileReference; lastKnownFileType = file.storyboard; name = Base; path = Base.lproj/LaunchScreen.storyboard; sourceTree = "<group>"; };
		065A3FFE1D43F26E003EE17A /* Info.plist */ = {isa = PBXFileReference; lastKnownFileType = text.plist.xml; path = Info.plist; sourceTree = "<group>"; };
/* End PBXFileReference section */

/* Begin PBXFrameworksBuildPhase section */
		065A3FE71D43F26D003EE17A /* Frameworks */ = {
			isa = PBXFrameworksBuildPhase;
			buildActionMask = 2147483647;
			files = (
			);
			runOnlyForDeploymentPostprocessing = 0;
		};
/* End PBXFrameworksBuildPhase section */

/* Begin PBXGroup section */
		065A3FE11D43F26D003EE17A = {
			isa = PBXGroup;
			children = (
				065A3FEC1D43F26E003EE17A /* SampleProject */,
				065A3FEB1D43F26D003EE17A /* Products */,
			);
			sourceTree = "<group>";
		};
		065A3FEB1D43F26D003EE17A /* Products */ = {
			isa = PBXGroup;
			children = (
				065A3FEA1D43F26D003EE17A /* SampleProject.app */,
			);
			name = Products;
			sourceTree = "<group>";
		};
		065A3FEC1D43F26E003EE17A /* SampleProject */ = {
			isa = PBXGroup;
			children = (
				065A3FF01D43F26E003EE17A /* AppDelegate.h */,
				065A3FF11D43F26E003EE17A /* AppDelegate.m */,
				065A3FF31D43F26E003EE17A /* ViewController.h */,
				065A3FF41D43F26E003EE17A /* ViewController.m */,
				065A3FF61D43F26E003EE17A /* Main.storyboard */,
				065A3FF91D43F26E003EE17A /* Assets.xcassets */,
				065A3FFB1D43F26E003EE17A /* LaunchScreen.storyboard */,
				065A3FFE1D43F26E003EE17A /* Info.plist */,
				065A3FED1D43F26E003EE17A /* Supporting Files */,
			);
			path = SampleProject;
			sourceTree = "<group>";
		};
		065A3FED1D43F26E003EE17A /* Supporting Files */ = {
			isa = PBXGroup;
			children = (
				065A3FEE1D43F26E003EE17A /* main.m */,
			);
			name = "Supporting Files";
			sourceTree = "<group>";
		};
/* End PBXGroup section */

/* Begin PBXNativeTarget section */
		065A3FE91D43F26D003EE17A /* SampleProject */ = {
			isa = PBXNativeTarget;
			buildConfigurationList = 065A40011D43F26E003EE17A /* Build configuration list for PBXNativeTarget "SampleProject" */;
			buildPhases = (
				065A3FE61D43F26D003EE17A /* Sources */,
				065A3FE71D43F26D003EE17A /* Frameworks */,
				065A3FE81D43F26D003EE17A /* Resources */,
			);
			buildRules = (
			);
			dependencies = (
			);
			name = SampleProject;
			productName = SampleProject;
			productReference = 065A3FEA1D43F26D003EE17A /* SampleProject.app */;
			productType = "com.apple.product-type.application";
		};
/* End PBXNativeTarget section */

/* Begin PBXProject section */
		065A3FE21D43F26D003EE17A /* Project object */ = {
			isa = PBXProject;
			attributes = {
				LastUpgradeCheck = 0730;
				ORGANIZATIONNAME = "vinod kumar lingamsetty";
				TargetAttributes = {
					065A3FE91D43F26D003EE17A = {
						CreatedOnToolsVersion = 7.3.1;
					};
				};
			};
			buildConfigurationList = 065A3FE51D43F26D003EE17A /* Build configuration list for PBXProject "SampleProject" */;
			compatibilityVersion = "Xcode 3.2";
			developmentRegion = English;
			hasScannedForEncodings = 0;
			knownRegions = (
				en,
				Base,
			);
			mainGroup = 065A3FE11D43F26D003EE17A;
			productRefGroup = 065A3FEB1D43F26D003EE17A /* Products */;
			projectDirPath = "";
			projectRoot = "";
			targets = (
				065A3FE91D43F26D003EE17A /* SampleProject */,
			);
		};
/* End PBXProject section */

/* Begin PBXResourcesBuildPhase section */
		065A3FE81D43F26D003EE17A /* Resources */ = {
			isa = PBXResourcesBuildPhase;
			buildActionMask = 2147483647;
			files = (
				065A3FFD1D43F26E003EE17A /* LaunchScreen.storyboard in Resources */,
				065A3FFA1D43F26E003EE17A /* Assets.xcassets in Resources */,
				065A3FF81D43F26E003EE17A /* Main.storyboard in Resources */,
			);
			runOnlyForDeploymentPostprocessing = 0;
		};
/* End PBXResourcesBuildPhase section */

/* Begin PBXSourcesBuildPhase section */
		065A3FE61D43F26D003EE17A /* Sources */ = {
			isa = PBXSourcesBuildPhase;
			buildActionMask = 2147483647;
			files = (
				065A3FF51D43F26E003EE17A /* ViewController.m in Sources */,
				065A3FF21D43F26E003EE17A /* AppDelegate.m in Sources */,
				065A3FEF1D43F26E003EE17A /* main.m in Sources */,
			);
			runOnlyForDeploymentPostprocessing = 0;
		};
/* End PBXSourcesBuildPhase section */

/* Begin PBXVariantGroup section */
		065A3FF61D43F26E003EE17A /* Main.storyboard */ = {
			isa = PBXVariantGroup;
			children = (
				065A3FF71D43F26E003EE17A /* Base */,
			);
			name = Main.storyboard;
			sourceTree = "<group>";
		};
		065A3FFB1D43F26E003EE17A /* LaunchScreen.storyboard */ = {
			isa = PBXVariantGroup;
			children = (
				065A3FFC1D43F26E003EE17A /* Base */,
			);
			name = LaunchScreen.storyboard;
			sourceTree = "<group>";
		};
/* End PBXVariantGroup section */

/* Begin XCBuildConfiguration section */
		065A3FFF1D43F26E003EE17A /* Debug */ = {
			isa = XCBuildConfiguration;
			buildSettings = {
				ALWAYS_SEARCH_USER_PATHS = NO;
				CLANG_ANALYZER_NONNULL = YES;
				CLANG_CXX_LANGUAGE_STANDARD = "gnu++0x";
				CLANG_CXX_LIBRARY = "libc++";
				CLANG_ENABLE_MODULES = YES;
				CLANG_ENABLE_OBJC_ARC = YES;
				CLANG_WARN_BOOL_CONVERSION = YES;
				CLANG_WARN_CONSTANT_CONVERSION = YES;
				CLANG_WARN_DIRECT_OBJC_ISA_USAGE = YES_ERROR;
				CLANG_WARN_EMPTY_BODY = YES;
				CLANG_WARN_ENUM_CONVERSION = YES;
				CLANG_WARN_INT_CONVERSION = YES;
				CLANG_WARN_OBJC_ROOT_CLASS = YES_ERROR;
				CLANG_WARN_UNREACHABLE_CODE = YES;
				CLANG_WARN__DUPLICATE_METHOD_MATCH = YES;
				"CODE_SIGN_IDENTITY[sdk=iphoneos*]" = "iPhone Developer";
				COPY_PHASE_STRIP = NO;
				DEBUG_INFORMATION_FORMAT = dwarf;
				ENABLE_STRICT_OBJC_MSGSEND = YES;
				ENABLE_TESTABILITY = YES;
				GCC_C_LANGUAGE_STANDARD = gnu99;
				GCC_DYNAMIC_NO_PIC = NO;
				GCC_NO_COMMON_BLOCKS = YES;
				GCC_OPTIMIZATION_LEVEL = 0;
				GCC_PREPROCESSOR_DEFINITIONS = (
					"DEBUG=1",
					"$(inherited)",
				);
				GCC_WARN_64_TO_32_BIT_CONVERSION = YES;
				GCC_WARN_ABOUT_RETURN_TYPE = YES_ERROR;
				GCC_WARN_UNDECLARED_SELECTOR = YES;
				GCC_WARN_UNINITIALIZED_AUTOS = YES_AGGRESSIVE;
				GCC_WARN_UNUSED_FUNCTION = YES;
				GCC_WARN_UNUSED_VARIABLE = YES;
				IPHONEOS_DEPLOYMENT_TARGET = 9.3;
				MTL_ENABLE_DEBUG_INFO = YES;
				ONLY_ACTIVE_ARCH = YES;
				SDKROOT = iphoneos;
			};
			name = Debug;
		};
		065A40001D43F26E003EE17A /* Release */ = {
			isa = XCBuildConfiguration;
			buildSettings = {
				ALWAYS_SEARCH_USER_PATHS = NO;
				CLANG_ANALYZER_NONNULL = YES;
				CLANG_CXX_LANGUAGE_STANDARD = "gnu++0x";
				CLANG_CXX_LIBRARY = "libc++";
				CLANG_ENABLE_MODULES = YES;
				CLANG_ENABLE_OBJC_ARC = YES;
				CLANG_WARN_BOOL_CONVERSION = YES;
				CLANG_WARN_CONSTANT_CONVERSION = YES;
				CLANG_WARN_DIRECT_OBJC_ISA_USAGE = YES_ERROR;
				CLANG_WARN_EMPTY_BODY = YES;
				CLANG_WARN_ENUM_CONVERSION = YES;
				CLANG_WARN_INT_CONVERSION = YES;
				CLANG_WARN_OBJC_ROOT_CLASS = YES_ERROR;
				CLANG_WARN_UNREACHABLE_CODE = YES;
				CLANG_WARN__DUPLICATE_METHOD_MATCH = YES;
				"CODE_SIGN_IDENTITY[sdk=iphoneos*]" = "iPhone Developer";
				COPY_PHASE_STRIP = NO;
				DEBUG_INFORMATION_FORMAT = "dwarf-with-dsym";
				ENABLE_NS_ASSERTIONS = NO;
				ENABLE_STRICT_OBJC_MSGSEND = YES;
				GCC_C_LANGUAGE_STANDARD = gnu99;
				GCC_NO_COMMON_BLOCKS = YES;
				GCC_WARN_64_TO_32_BIT_CONVERSION = YES;
				GCC_WARN_ABOUT_RETURN_TYPE = YES_ERROR;
				GCC_WARN_UNDECLARED_SELECTOR = YES;
				GCC_WARN_UNINITIALIZED_AUTOS = YES_AGGRESSIVE;
				GCC_WARN_UNUSED_FUNCTION = YES;
				GCC_WARN_UNUSED_VARIABLE = YES;
				IPHONEOS_DEPLOYMENT_TARGET = 9.3;
				MTL_ENABLE_DEBUG_INFO = NO;
				SDKROOT = iphoneos;
				VALIDATE_PRODUCT = YES;
			};
			name = Release;
		};
		065A40021D43F26E003EE17A /* Debug */ = {
			isa = XCBuildConfiguration;
			buildSettings = {
				ASSETCATALOG_COMPILER_APPICON_NAME = AppIcon;
				INFOPLIST_FILE = SampleProject/Info.plist;
				LD_RUNPATH_SEARCH_PATHS = "$(inherited) @executable_path/Frameworks";
				PRODUCT_BUNDLE_IDENTIFIER = com.vinod.SampleProject;
				PRODUCT_NAME = "$(TARGET_NAME)";
			};
			name = Debug;
		};
		065A40031D43F26E003EE17A /* Release */ = {
			isa = XCBuildConfiguration;
			buildSettings = {
				ASSETCATALOG_COMPILER_APPICON_NAME = AppIcon;
				INFOPLIST_FILE = SampleProject/Info.plist;
				LD_RUNPATH_SEARCH_PATHS = "$(inherited) @executable_path/Frameworks";
				PRODUCT_BUNDLE_IDENTIFIER = com.vinod.SampleProject;
				PRODUCT_NAME = "$(TARGET_NAME)";
			};
			name = Release;
		};
/* End XCBuildConfiguration section */

/* Begin XCConfigurationList section */
		065A3FE51D43F26D003EE17A /* Build configuration list for PBXProject "SampleProject" */ = {
			isa = XCConfigurationList;
			buildConfigurations = (
				065A3FFF1D43F26E003EE17A /* Debug */,
				065A40001D43F26E003EE17A /* Release */,
			);
			defaultConfigurationIsVisible = 0;
			defaultConfigurationName = Release;
		};
		065A40011D43F26E003EE17A /* Build configuration list for PBXNativeTarget "SampleProject" */ = {
			isa = XCConfigurationList;
			buildConfigurations = (
				065A40021D43F26E003EE17A /* Debug */,
				065A40031D43F26E003EE17A /* Release */,
			);
			defaultConfigurationIsVisible = 0;
		};
/* End XCConfigurationList section */
	};
	rootObject = 065A3FE21D43F26D003EE17A /* Project object */;
}
